// !$*UTF8*$!
{
	archiveVersion = 1;
	classes = {
	};
	objectVersion = 46;
	objects = {

/* Begin PBXBuildFile section */
		5B03599A1E70483900407E06 /* KVLTableCell.m in Sources */ = {isa = PBXBuildFile; fileRef = 5B0359991E70483900407E06 /* KVLTableCell.m */; };
		5B7CFF021EE855A400DBB664 /* EditTableViewController.m in Sources */ = {isa = PBXBuildFile; fileRef = 5B7CFF011EE855A400DBB664 /* EditTableViewController.m */; };
		9C0EC5FF9825F7207E5162CB /* libPods-LTableViewAdapterExample.a in Frameworks */ = {isa = PBXBuildFile; fileRef = 953537232472727D715685E8 /* libPods-LTableViewAdapterExample.a */; };
		DF03BEA51E701B4E0055FEE4 /* SimpleTableViewController.m in Sources */ = {isa = PBXBuildFile; fileRef = DF03BEA41E701B4E0055FEE4 /* SimpleTableViewController.m */; };
		DF03BEA81E701FC50055FEE4 /* CustomTableViewController.m in Sources */ = {isa = PBXBuildFile; fileRef = DF03BEA71E701FC50055FEE4 /* CustomTableViewController.m */; };
		DF1138911EE7E3FA00C3E531 /* CustomCellView.m in Sources */ = {isa = PBXBuildFile; fileRef = DF1138901EE7E3FA00C3E531 /* CustomCellView.m */; };
		DF5BA7891E6D4DA100838FB1 /* main.m in Sources */ = {isa = PBXBuildFile; fileRef = DF5BA7881E6D4DA100838FB1 /* main.m */; };
		DF5BA78C1E6D4DA100838FB1 /* AppDelegate.m in Sources */ = {isa = PBXBuildFile; fileRef = DF5BA78B1E6D4DA100838FB1 /* AppDelegate.m */; };
		DF5BA78F1E6D4DA100838FB1 /* ViewController.m in Sources */ = {isa = PBXBuildFile; fileRef = DF5BA78E1E6D4DA100838FB1 /* ViewController.m */; };
		DF5BA7921E6D4DA100838FB1 /* Main.storyboard in Resources */ = {isa = PBXBuildFile; fileRef = DF5BA7901E6D4DA100838FB1 /* Main.storyboard */; };
		DF5BA7941E6D4DA100838FB1 /* Assets.xcassets in Resources */ = {isa = PBXBuildFile; fileRef = DF5BA7931E6D4DA100838FB1 /* Assets.xcassets */; };
		DF5BA7971E6D4DA100838FB1 /* LaunchScreen.storyboard in Resources */ = {isa = PBXBuildFile; fileRef = DF5BA7951E6D4DA100838FB1 /* LaunchScreen.storyboard */; };
		DF5BA8AE1E6D619500838FB1 /* SimpleCellView.m in Sources */ = {isa = PBXBuildFile; fileRef = DF5BA8AD1E6D619500838FB1 /* SimpleCellView.m */; };
		DF755E751F17418900DAEF8B /* CollectionController.m in Sources */ = {isa = PBXBuildFile; fileRef = DF755E741F17418900DAEF8B /* CollectionController.m */; };
/* End PBXBuildFile section */

/* Begin PBXFileReference section */
		45CA3AD6FDE581CCAC294089 /* libPods-LTableViewAdapterExampleTests.a */ = {isa = PBXFileReference; explicitFileType = archive.ar; includeInIndex = 0; path = "libPods-LTableViewAdapterExampleTests.a"; sourceTree = BUILT_PRODUCTS_DIR; };
		4900907A019D72E9D8C7071B /* libPods-LTableViewAdapterExampleUITests.a */ = {isa = PBXFileReference; explicitFileType = archive.ar; includeInIndex = 0; path = "libPods-LTableViewAdapterExampleUITests.a"; sourceTree = BUILT_PRODUCTS_DIR; };
		4FAC04515B0672B3D0B5635C /* Pods-LTableViewAdapterExample.release.xcconfig */ = {isa = PBXFileReference; includeInIndex = 1; lastKnownFileType = text.xcconfig; name = "Pods-LTableViewAdapterExample.release.xcconfig"; path = "Pods/Target Support Files/Pods-LTableViewAdapterExample/Pods-LTableViewAdapterExample.release.xcconfig"; sourceTree = "<group>"; };
		5B0359981E70483800407E06 /* KVLTableCell.h */ = {isa = PBXFileReference; fileEncoding = 4; lastKnownFileType = sourcecode.c.h; path = KVLTableCell.h; sourceTree = "<group>"; };
		5B0359991E70483900407E06 /* KVLTableCell.m */ = {isa = PBXFileReference; fileEncoding = 4; lastKnownFileType = sourcecode.c.objc; path = KVLTableCell.m; sourceTree = "<group>"; };
		5B7CFF001EE855A400DBB664 /* EditTableViewController.h */ = {isa = PBXFileReference; fileEncoding = 4; lastKnownFileType = sourcecode.c.h; path = EditTableViewController.h; sourceTree = "<group>"; };
		5B7CFF011EE855A400DBB664 /* EditTableViewController.m */ = {isa = PBXFileReference; fileEncoding = 4; lastKnownFileType = sourcecode.c.objc; path = EditTableViewController.m; sourceTree = "<group>"; };
		953537232472727D715685E8 /* libPods-LTableViewAdapterExample.a */ = {isa = PBXFileReference; explicitFileType = archive.ar; includeInIndex = 0; path = "libPods-LTableViewAdapterExample.a"; sourceTree = BUILT_PRODUCTS_DIR; };
		CD918E24E4B17033C7874996 /* Pods-LTableViewAdapterExample.debug.xcconfig */ = {isa = PBXFileReference; includeInIndex = 1; lastKnownFileType = text.xcconfig; name = "Pods-LTableViewAdapterExample.debug.xcconfig"; path = "Pods/Target Support Files/Pods-LTableViewAdapterExample/Pods-LTableViewAdapterExample.debug.xcconfig"; sourceTree = "<group>"; };
		DF03BEA31E701B4E0055FEE4 /* SimpleTableViewController.h */ = {isa = PBXFileReference; fileEncoding = 4; lastKnownFileType = sourcecode.c.h; path = SimpleTableViewController.h; sourceTree = "<group>"; };
		DF03BEA41E701B4E0055FEE4 /* SimpleTableViewController.m */ = {isa = PBXFileReference; fileEncoding = 4; lastKnownFileType = sourcecode.c.objc; path = SimpleTableViewController.m; sourceTree = "<group>"; };
		DF03BEA61E701FC50055FEE4 /* CustomTableViewController.h */ = {isa = PBXFileReference; fileEncoding = 4; lastKnownFileType = sourcecode.c.h; path = CustomTableViewController.h; sourceTree = "<group>"; };
		DF03BEA71E701FC50055FEE4 /* CustomTableViewController.m */ = {isa = PBXFileReference; fileEncoding = 4; lastKnownFileType = sourcecode.c.objc; path = CustomTableViewController.m; sourceTree = "<group>"; };
		DF11388F1EE7E3FA00C3E531 /* CustomCellView.h */ = {isa = PBXFileReference; fileEncoding = 4; lastKnownFileType = sourcecode.c.h; path = CustomCellView.h; sourceTree = "<group>"; };
		DF1138901EE7E3FA00C3E531 /* CustomCellView.m */ = {isa = PBXFileReference; fileEncoding = 4; lastKnownFileType = sourcecode.c.objc; path = CustomCellView.m; sourceTree = "<group>"; };
		DF5BA7841E6D4DA100838FB1 /* LTableViewAdapterExample.app */ = {isa = PBXFileReference; explicitFileType = wrapper.application; includeInIndex = 0; path = LTableViewAdapterExample.app; sourceTree = BUILT_PRODUCTS_DIR; };
		DF5BA7881E6D4DA100838FB1 /* main.m */ = {isa = PBXFileReference; lastKnownFileType = sourcecode.c.objc; path = main.m; sourceTree = "<group>"; };
		DF5BA78A1E6D4DA100838FB1 /* AppDelegate.h */ = {isa = PBXFileReference; lastKnownFileType = sourcecode.c.h; path = AppDelegate.h; sourceTree = "<group>"; };
		DF5BA78B1E6D4DA100838FB1 /* AppDelegate.m */ = {isa = PBXFileReference; lastKnownFileType = sourcecode.c.objc; path = AppDelegate.m; sourceTree = "<group>"; };
		DF5BA78D1E6D4DA100838FB1 /* ViewController.h */ = {isa = PBXFileReference; lastKnownFileType = sourcecode.c.h; path = ViewController.h; sourceTree = "<group>"; };
		DF5BA78E1E6D4DA100838FB1 /* ViewController.m */ = {isa = PBXFileReference; lastKnownFileType = sourcecode.c.objc; path = ViewController.m; sourceTree = "<group>"; };
		DF5BA7911E6D4DA100838FB1 /* Base */ = {isa = PBXFileReference; lastKnownFileType = file.storyboard; name = Base; path = Base.lproj/Main.storyboard; sourceTree = "<group>"; };
		DF5BA7931E6D4DA100838FB1 /* Assets.xcassets */ = {isa = PBXFileReference; lastKnownFileType = folder.assetcatalog; path = Assets.xcassets; sourceTree = "<group>"; };
		DF5BA7961E6D4DA100838FB1 /* Base */ = {isa = PBXFileReference; lastKnownFileType = file.storyboard; name = Base; path = Base.lproj/LaunchScreen.storyboard; sourceTree = "<group>"; };
		DF5BA7981E6D4DA100838FB1 /* Info.plist */ = {isa = PBXFileReference; lastKnownFileType = text.plist.xml; path = Info.plist; sourceTree = "<group>"; };
		DF5BA8AC1E6D619500838FB1 /* SimpleCellView.h */ = {isa = PBXFileReference; fileEncoding = 4; lastKnownFileType = sourcecode.c.h; path = SimpleCellView.h; sourceTree = "<group>"; };
		DF5BA8AD1E6D619500838FB1 /* SimpleCellView.m */ = {isa = PBXFileReference; fileEncoding = 4; lastKnownFileType = sourcecode.c.objc; path = SimpleCellView.m; sourceTree = "<group>"; };
		DF755E731F17418900DAEF8B /* CollectionController.h */ = {isa = PBXFileReference; fileEncoding = 4; lastKnownFileType = sourcecode.c.h; path = CollectionController.h; sourceTree = "<group>"; };
		DF755E741F17418900DAEF8B /* CollectionController.m */ = {isa = PBXFileReference; fileEncoding = 4; lastKnownFileType = sourcecode.c.objc; path = CollectionController.m; sourceTree = "<group>"; };
/* End PBXFileReference section */

/* Begin PBXFrameworksBuildPhase section */
		DF5BA7811E6D4DA100838FB1 /* Frameworks */ = {
			isa = PBXFrameworksBuildPhase;
			buildActionMask = 2147483647;
			files = (
				9C0EC5FF9825F7207E5162CB /* libPods-LTableViewAdapterExample.a in Frameworks */,
			);
			runOnlyForDeploymentPostprocessing = 0;
		};
/* End PBXFrameworksBuildPhase section */

/* Begin PBXGroup section */
		3AC63A9B2EFE6129EC7FADCE /* Pods */ = {
			isa = PBXGroup;
			children = (
				CD918E24E4B17033C7874996 /* Pods-LTableViewAdapterExample.debug.xcconfig */,
				4FAC04515B0672B3D0B5635C /* Pods-LTableViewAdapterExample.release.xcconfig */,
			);
			name = Pods;
			sourceTree = "<group>";
		};
		C0D762FB930CFDD6D19AC111 /* Frameworks */ = {
			isa = PBXGroup;
			children = (
				953537232472727D715685E8 /* libPods-LTableViewAdapterExample.a */,
				45CA3AD6FDE581CCAC294089 /* libPods-LTableViewAdapterExampleTests.a */,
				4900907A019D72E9D8C7071B /* libPods-LTableViewAdapterExampleUITests.a */,
			);
			name = Frameworks;
			sourceTree = "<group>";
		};
		DF5BA77B1E6D4DA100838FB1 = {
			isa = PBXGroup;
			children = (
				DF5BA7861E6D4DA100838FB1 /* LTableViewAdapterExample */,
				DF5BA7851E6D4DA100838FB1 /* Products */,
				3AC63A9B2EFE6129EC7FADCE /* Pods */,
				C0D762FB930CFDD6D19AC111 /* Frameworks */,
			);
			sourceTree = "<group>";
		};
		DF5BA7851E6D4DA100838FB1 /* Products */ = {
			isa = PBXGroup;
			children = (
				DF5BA7841E6D4DA100838FB1 /* LTableViewAdapterExample.app */,
			);
			name = Products;
			sourceTree = "<group>";
		};
		DF5BA7861E6D4DA100838FB1 /* LTableViewAdapterExample */ = {
			isa = PBXGroup;
			children = (
				DF11388F1EE7E3FA00C3E531 /* CustomCellView.h */,
				DF1138901EE7E3FA00C3E531 /* CustomCellView.m */,
				DF5BA8AC1E6D619500838FB1 /* SimpleCellView.h */,
				DF5BA8AD1E6D619500838FB1 /* SimpleCellView.m */,
				DF5BA78A1E6D4DA100838FB1 /* AppDelegate.h */,
				DF5BA78B1E6D4DA100838FB1 /* AppDelegate.m */,
				DF5BA78D1E6D4DA100838FB1 /* ViewController.h */,
				DF5BA78E1E6D4DA100838FB1 /* ViewController.m */,
				DF03BEA31E701B4E0055FEE4 /* SimpleTableViewController.h */,
				DF03BEA41E701B4E0055FEE4 /* SimpleTableViewController.m */,
				DF03BEA61E701FC50055FEE4 /* CustomTableViewController.h */,
				DF03BEA71E701FC50055FEE4 /* CustomTableViewController.m */,
				DF755E731F17418900DAEF8B /* CollectionController.h */,
				DF755E741F17418900DAEF8B /* CollectionController.m */,
				5B7CFF001EE855A400DBB664 /* EditTableViewController.h */,
				5B7CFF011EE855A400DBB664 /* EditTableViewController.m */,
				5B0359981E70483800407E06 /* KVLTableCell.h */,
				5B0359991E70483900407E06 /* KVLTableCell.m */,
				DF5BA7901E6D4DA100838FB1 /* Main.storyboard */,
				DF5BA7931E6D4DA100838FB1 /* Assets.xcassets */,
				DF5BA7951E6D4DA100838FB1 /* LaunchScreen.storyboard */,
				DF5BA7981E6D4DA100838FB1 /* Info.plist */,
				DF5BA7871E6D4DA100838FB1 /* Supporting Files */,
			);
			path = LTableViewAdapterExample;
			sourceTree = "<group>";
		};
		DF5BA7871E6D4DA100838FB1 /* Supporting Files */ = {
			isa = PBXGroup;
			children = (
				DF5BA7881E6D4DA100838FB1 /* main.m */,
			);
			name = "Supporting Files";
			sourceTree = "<group>";
		};
/* End PBXGroup section */

/* Begin PBXNativeTarget section */
		DF5BA7831E6D4DA100838FB1 /* LTableViewAdapterExample */ = {
			isa = PBXNativeTarget;
			buildConfigurationList = DF5BA7B11E6D4DA100838FB1 /* Build configuration list for PBXNativeTarget "LTableViewAdapterExample" */;
			buildPhases = (
				D261412284E0696A00ED6C1B /* [CP] Check Pods Manifest.lock */,
				DF5BA7801E6D4DA100838FB1 /* Sources */,
				DF5BA7811E6D4DA100838FB1 /* Frameworks */,
				DF5BA7821E6D4DA100838FB1 /* Resources */,
				BC90506DF0E8927BF80C0EC0 /* [CP] Embed Pods Frameworks */,
				12A72B6F0E7F1A95436511EE /* [CP] Copy Pods Resources */,
			);
			buildRules = (
			);
			dependencies = (
			);
			name = LTableViewAdapterExample;
			productName = LTableViewAdapterExample;
			productReference = DF5BA7841E6D4DA100838FB1 /* LTableViewAdapterExample.app */;
			productType = "com.apple.product-type.application";
		};
/* End PBXNativeTarget section */

/* Begin PBXProject section */
		DF5BA77C1E6D4DA100838FB1 /* Project object */ = {
			isa = PBXProject;
			attributes = {
				LastUpgradeCheck = 0820;
				ORGANIZATIONNAME = ylin.yang;
				TargetAttributes = {
					DF5BA7831E6D4DA100838FB1 = {
						CreatedOnToolsVersion = 8.2.1;
						DevelopmentTeam = 3UFAY7EAJX;
						ProvisioningStyle = Automatic;
					};
				};
			};
			buildConfigurationList = DF5BA77F1E6D4DA100838FB1 /* Build configuration list for PBXProject "LTableViewAdapterExample" */;
			compatibilityVersion = "Xcode 3.2";
			developmentRegion = English;
			hasScannedForEncodings = 0;
			knownRegions = (
				en,
				Base,
			);
			mainGroup = DF5BA77B1E6D4DA100838FB1;
			productRefGroup = DF5BA7851E6D4DA100838FB1 /* Products */;
			projectDirPath = "";
			projectRoot = "";
			targets = (
				DF5BA7831E6D4DA100838FB1 /* LTableViewAdapterExample */,
			);
		};
/* End PBXProject section */

/* Begin PBXResourcesBuildPhase section */
		DF5BA7821E6D4DA100838FB1 /* Resources */ = {
			isa = PBXResourcesBuildPhase;
			buildActionMask = 2147483647;
			files = (
				DF5BA7971E6D4DA100838FB1 /* LaunchScreen.storyboard in Resources */,
				DF5BA7941E6D4DA100838FB1 /* Assets.xcassets in Resources */,
				DF5BA7921E6D4DA100838FB1 /* Main.storyboard in Resources */,
			);
			runOnlyForDeploymentPostprocessing = 0;
		};
/* End PBXResourcesBuildPhase section */

/* Begin PBXShellScriptBuildPhase section */
		12A72B6F0E7F1A95436511EE /* [CP] Copy Pods Resources */ = {
			isa = PBXShellScriptBuildPhase;
			buildActionMask = 2147483647;
			files = (
			);
			inputPaths = (
			);
			name = "[CP] Copy Pods Resources";
			outputPaths = (
			);
			runOnlyForDeploymentPostprocessing = 0;
			shellPath = /bin/sh;
			shellScript = "\"${SRCROOT}/Pods/Target Support Files/Pods-LTableViewAdapterExample/Pods-LTableViewAdapterExample-resources.sh\"\n";
			showEnvVarsInLog = 0;
		};
		BC90506DF0E8927BF80C0EC0 /* [CP] Embed Pods Frameworks */ = {
			isa = PBXShellScriptBuildPhase;
			buildActionMask = 2147483647;
			files = (
			);
			inputPaths = (
			);
			name = "[CP] Embed Pods Frameworks";
			outputPaths = (
			);
			runOnlyForDeploymentPostprocessing = 0;
			shellPath = /bin/sh;
			shellScript = "\"${SRCROOT}/Pods/Target Support Files/Pods-LTableViewAdapterExample/Pods-LTableViewAdapterExample-frameworks.sh\"\n";
			showEnvVarsInLog = 0;
		};
		D261412284E0696A00ED6C1B /* [CP] Check Pods Manifest.lock */ = {
			isa = PBXShellScriptBuildPhase;
			buildActionMask = 2147483647;
			files = (
			);
			inputPaths = (
				"${PODS_PODFILE_DIR_PATH}/Podfile.lock",
				"${PODS_ROOT}/Manifest.lock",
			);
			name = "[CP] Check Pods Manifest.lock";
			outputPaths = (
				"$(DERIVED_FILE_DIR)/Pods-LTableViewAdapterExample-checkManifestLockResult.txt",
			);
			runOnlyForDeploymentPostprocessing = 0;
			shellPath = /bin/sh;
			shellScript = "diff \"${PODS_ROOT}/../Podfile.lock\" \"${PODS_ROOT}/Manifest.lock\" > /dev/null\nif [ $? != 0 ] ; then\n    # print error to STDERR\n    echo \"error: The sandbox is not in sync with the Podfile.lock. Run 'pod install' or update your CocoaPods installation.\" >&2\n    exit 1\nfi\n";
			showEnvVarsInLog = 0;
		};
/* End PBXShellScriptBuildPhase section */

/* Begin PBXSourcesBuildPhase section */
		DF5BA7801E6D4DA100838FB1 /* Sources */ = {
			isa = PBXSourcesBuildPhase;
			buildActionMask = 2147483647;
			files = (
				DF5BA8AE1E6D619500838FB1 /* SimpleCellView.m in Sources */,
				DF755E751F17418900DAEF8B /* CollectionController.m in Sources */,
				DF1138911EE7E3FA00C3E531 /* CustomCellView.m in Sources */,
				DF5BA78F1E6D4DA100838FB1 /* ViewController.m in Sources */,
				DF03BEA51E701B4E0055FEE4 /* SimpleTableViewController.m in Sources */,
				5B7CFF021EE855A400DBB664 /* EditTableViewController.m in Sources */,
				5B03599A1E70483900407E06 /* KVLTableCell.m in Sources */,
				DF5BA78C1E6D4DA100838FB1 /* AppDelegate.m in Sources */,
				DF03BEA81E701FC50055FEE4 /* CustomTableViewController.m in Sources */,
				DF5BA7891E6D4DA100838FB1 /* main.m in Sources */,
			);
			runOnlyForDeploymentPostprocessing = 0;
		};
/* End PBXSourcesBuildPhase section */

/* Begin PBXVariantGroup section */
		DF5BA7901E6D4DA100838FB1 /* Main.storyboard */ = {
			isa = PBXVariantGroup;
			children = (
				DF5BA7911E6D4DA100838FB1 /* Base */,
			);
			name = Main.storyboard;
			sourceTree = "<group>";
		};
		DF5BA7951E6D4DA100838FB1 /* LaunchScreen.storyboard */ = {
			isa = PBXVariantGroup;
			children = (
				DF5BA7961E6D4DA100838FB1 /* Base */,
			);
			name = LaunchScreen.storyboard;
			sourceTree = "<group>";
		};
/* End PBXVariantGroup section */

/* Begin XCBuildConfiguration section */
		DF5BA7AF1E6D4DA100838FB1 /* Debug */ = {
			isa = XCBuildConfiguration;
			buildSettings = {
				ALWAYS_SEARCH_USER_PATHS = NO;
				CLANG_ANALYZER_NONNULL = YES;
				CLANG_CXX_LANGUAGE_STANDARD = "gnu++0x";
				CLANG_CXX_LIBRARY = "libc++";
				CLANG_ENABLE_MODULES = YES;
				CLANG_ENABLE_OBJC_ARC = YES;
				CLANG_WARN_BOOL_CONVERSION = YES;
				CLANG_WARN_CONSTANT_CONVERSION = YES;
				CLANG_WARN_DIRECT_OBJC_ISA_USAGE = YES_ERROR;
				CLANG_WARN_DOCUMENTATION_COMMENTS = YES;
				CLANG_WARN_EMPTY_BODY = YES;
				CLANG_WARN_ENUM_CONVERSION = YES;
				CLANG_WARN_INFINITE_RECURSION = YES;
				CLANG_WARN_INT_CONVERSION = YES;
				CLANG_WARN_OBJC_ROOT_CLASS = YES_ERROR;
				CLANG_WARN_SUSPICIOUS_MOVE = YES;
				CLANG_WARN_UNREACHABLE_CODE = YES;
				CLANG_WARN__DUPLICATE_METHOD_MATCH = YES;
				"CODE_SIGN_IDENTITY[sdk=iphoneos*]" = "iPhone Developer";
				COPY_PHASE_STRIP = NO;
				DEBUG_INFORMATION_FORMAT = dwarf;
				ENABLE_STRICT_OBJC_MSGSEND = YES;
				ENABLE_TESTABILITY = YES;
				GCC_C_LANGUAGE_STANDARD = gnu99;
				GCC_DYNAMIC_NO_PIC = NO;
				GCC_NO_COMMON_BLOCKS = YES;
				GCC_OPTIMIZATION_LEVEL = 0;
				GCC_PREPROCESSOR_DEFINITIONS = (
					"DEBUG=1",
					"$(inherited)",
				);
				GCC_WARN_64_TO_32_BIT_CONVERSION = YES;
				GCC_WARN_ABOUT_RETURN_TYPE = YES_ERROR;
				GCC_WARN_UNDECLARED_SELECTOR = YES;
				GCC_WARN_UNINITIALIZED_AUTOS = YES_AGGRESSIVE;
				GCC_WARN_UNUSED_FUNCTION = YES;
				GCC_WARN_UNUSED_VARIABLE = YES;
				IPHONEOS_DEPLOYMENT_TARGET = 8.0;
				MTL_ENABLE_DEBUG_INFO = YES;
				ONLY_ACTIVE_ARCH = YES;
				SDKROOT = iphoneos;
			};
			name = Debug;
		};
		DF5BA7B01E6D4DA100838FB1 /* Release */ = {
			isa = XCBuildConfiguration;
			buildSettings = {
				ALWAYS_SEARCH_USER_PATHS = NO;
				CLANG_ANALYZER_NONNULL = YES;
				CLANG_CXX_LANGUAGE_STANDARD = "gnu++0x";
				CLANG_CXX_LIBRARY = "libc++";
				CLANG_ENABLE_MODULES = YES;
				CLANG_ENABLE_OBJC_ARC = YES;
				CLANG_WARN_BOOL_CONVERSION = YES;
				CLANG_WARN_CONSTANT_CONVERSION = YES;
				CLANG_WARN_DIRECT_OBJC_ISA_USAGE = YES_ERROR;
				CLANG_WARN_DOCUMENTATION_COMMENTS = YES;
				CLANG_WARN_EMPTY_BODY = YES;
				CLANG_WARN_ENUM_CONVERSION = YES;
				CLANG_WARN_INFINITE_RECURSION = YES;
				CLANG_WARN_INT_CONVERSION = YES;
				CLANG_WARN_OBJC_ROOT_CLASS = YES_ERROR;
				CLANG_WARN_SUSPICIOUS_MOVE = YES;
				CLANG_WARN_UNREACHABLE_CODE = YES;
				CLANG_WARN__DUPLICATE_METHOD_MATCH = YES;
				"CODE_SIGN_IDENTITY[sdk=iphoneos*]" = "iPhone Developer";
				COPY_PHASE_STRIP = NO;
				DEBUG_INFORMATION_FORMAT = "dwarf-with-dsym";
				ENABLE_NS_ASSERTIONS = NO;
				ENABLE_STRICT_OBJC_MSGSEND = YES;
				GCC_C_LANGUAGE_STANDARD = gnu99;
				GCC_NO_COMMON_BLOCKS = YES;
				GCC_WARN_64_TO_32_BIT_CONVERSION = YES;
				GCC_WARN_ABOUT_RETURN_TYPE = YES_ERROR;
				GCC_WARN_UNDECLARED_SELECTOR = YES;
				GCC_WARN_UNINITIALIZED_AUTOS = YES_AGGRESSIVE;
				GCC_WARN_UNUSED_FUNCTION = YES;
				GCC_WARN_UNUSED_VARIABLE = YES;
				IPHONEOS_DEPLOYMENT_TARGET = 8.0;
				MTL_ENABLE_DEBUG_INFO = NO;
				SDKROOT = iphoneos;
				VALIDATE_PRODUCT = YES;
			};
			name = Release;
		};
		DF5BA7B21E6D4DA100838FB1 /* Debug */ = {
			isa = XCBuildConfiguration;
			baseConfigurationReference = CD918E24E4B17033C7874996 /* Pods-LTableViewAdapterExample.debug.xcconfig */;
			buildSettings = {
				ASSETCATALOG_COMPILER_APPICON_NAME = AppIcon;
				DEVELOPMENT_TEAM = 3UFAY7EAJX;
				INFOPLIST_FILE = LTableViewAdapterExample/Info.plist;
				LD_RUNPATH_SEARCH_PATHS = "$(inherited) @executable_path/Frameworks";
				PRODUCT_BUNDLE_IDENTIFIER = club.ylin.LTableViewAdapterExample;
				PRODUCT_NAME = "$(TARGET_NAME)";
			};
			name = Debug;
		};
		DF5BA7B31E6D4DA100838FB1 /* Release */ = {
			isa = XCBuildConfiguration;
			baseConfigurationReference = 4FAC04515B0672B3D0B5635C /* Pods-LTableViewAdapterExample.release.xcconfig */;
			buildSettings = {
				ASSETCATALOG_COMPILER_APPICON_NAME = AppIcon;
				DEVELOPMENT_TEAM = 3UFAY7EAJX;
				INFOPLIST_FILE = LTableViewAdapterExample/Info.plist;
				LD_RUNPATH_SEARCH_PATHS = "$(inherited) @executable_path/Frameworks";
				PRODUCT_BUNDLE_IDENTIFIER = club.ylin.LTableViewAdapterExample;
				PRODUCT_NAME = "$(TARGET_NAME)";
			};
			name = Release;
		};
/* End XCBuildConfiguration section */

/* Begin XCConfigurationList section */
		DF5BA77F1E6D4DA100838FB1 /* Build configuration list for PBXProject "LTableViewAdapterExample" */ = {
			isa = XCConfigurationList;
			buildConfigurations = (
				DF5BA7AF1E6D4DA100838FB1 /* Debug */,
				DF5BA7B01E6D4DA100838FB1 /* Release */,
			);
			defaultConfigurationIsVisible = 0;
			defaultConfigurationName = Release;
		};
		DF5BA7B11E6D4DA100838FB1 /* Build configuration list for PBXNativeTarget "LTableViewAdapterExample" */ = {
			isa = XCConfigurationList;
			buildConfigurations = (
				DF5BA7B21E6D4DA100838FB1 /* Debug */,
				DF5BA7B31E6D4DA100838FB1 /* Release */,
			);
			defaultConfigurationIsVisible = 0;
			defaultConfigurationName = Release;
		};
/* End XCConfigurationList section */
	};
	rootObject = DF5BA77C1E6D4DA100838FB1 /* Project object */;
}
